
Microsoft Visual Studio Solution File, Format Version 12.00
# Visual Studio Version 17
VisualStudioVersion = 17.14.36429.23
MinimumVisualStudioVersion = 10.0.40219.1
Project("{FAE04EC0-301F-11D3-BF4B-00C04F79EFBC}") = "KenshiUtilities", "KenshiUtilities.csproj", "{46990CDA-E3C3-297C-044C-8A354F6732CA}"
EndProject
Project("{FAE04EC0-301F-11D3-BF4B-00C04F79EFBC}") = "KenshiCore", "..\KenshiCore\KenshiCore.csproj", "{15D92D6D-B1E5-EDF8-8BB2-8CE80D57F3EA}"
EndProject
Global
	GlobalSection(SolutionConfigurationPlatforms) = preSolution
		Debug|Any CPU = Debug|Any CPU
		Release|Any CPU = Release|Any CPU
	EndGlobalSection
	GlobalSection(ProjectConfigurationPlatforms) = postSolution
		{46990CDA-E3C3-297C-044C-8A354F6732CA}.Debug|Any CPU.ActiveCfg = Debug|Any CPU
		{46990CDA-E3C3-297C-044C-8A354F6732CA}.Debug|Any CPU.Build.0 = Debug|Any CPU
		{46990CDA-E3C3-297C-044C-8A354F6732CA}.Release|Any CPU.ActiveCfg = Release|Any CPU
		{46990CDA-E3C3-297C-044C-8A354F6732CA}.Release|Any CPU.Build.0 = Release|Any CPU
		{15D92D6D-B1E5-EDF8-8BB2-8CE80D57F3EA}.Debug|Any CPU.ActiveCfg = Debug|Any CPU
		{15D92D6D-B1E5-EDF8-8BB2-8CE80D57F3EA}.Debug|Any CPU.Build.0 = Debug|Any CPU
		{15D92D6D-B1E5-EDF8-8BB2-8CE80D57F3EA}.Release|Any CPU.ActiveCfg = Release|Any CPU
		{15D92D6D-B1E5-EDF8-8BB2-8CE80D57F3EA}.Release|Any CPU.Build.0 = Release|Any CPU
	EndGlobalSection
	GlobalSection(SolutionProperties) = preSolution
		HideSolutionNode = FALSE
	EndGlobalSection
	GlobalSection(ExtensibilityGlobals) = postSolution
		SolutionGuid = {16A6C791-F8CA-4551-9AC5-3419FA460690}
	EndGlobalSection
EndGlobal
